
Microsoft Visual Studio Solution File, Format Version 12.00
# Visual Studio Version 17
VisualStudioVersion = 17.7.34202.233
MinimumVisualStudioVersion = 10.0.40219.1
Project("{FAE04EC0-301F-11D3-BF4B-00C04F79EFBC}") = "BlockAlignment", "BlockAlignment\BlockAlignment.csproj", "{BF98B189-419B-4876-95C1-DB26CE35034F}"
EndProject
Global
	GlobalSection(SolutionConfigurationPlatforms) = preSolution
		Debug|Any CPU = Debug|Any CPU
		Release|Any CPU = Release|Any CPU
	EndGlobalSection
	GlobalSection(ProjectConfigurationPlatforms) = postSolution
		{BF98B189-419B-4876-95C1-DB26CE35034F}.Debug|Any CPU.ActiveCfg = Debug|Any CPU
		{BF98B189-419B-4876-95C1-DB26CE35034F}.Debug|Any CPU.Build.0 = Debug|Any CPU
		{BF98B189-419B-4876-95C1-DB26CE35034F}.Release|Any CPU.ActiveCfg = Release|Any CPU
		{BF98B189-419B-4876-95C1-DB26CE35034F}.Release|Any CPU.Build.0 = Release|Any CPU
	EndGlobalSection
	GlobalSection(SolutionProperties) = preSolution
		HideSolutionNode = FALSE
	EndGlobalSection
	GlobalSection(ExtensibilityGlobals) = postSolution
		SolutionGuid = {352D37BF-299C-4186-A621-08929429C32A}
	EndGlobalSection
EndGlobal
